
Microsoft Visual Studio Solution File, Format Version 12.00
# Visual Studio Version 17
VisualStudioVersion = 17.10.35013.160
MinimumVisualStudioVersion = 10.0.40219.1
Project("{2150E333-8FDC-42A3-9474-1A3956D46DE8}") = "Solution Items", "Solution Items", "{B0BD70B0-D038-47B5-8510-BB0880DB4EB5}"
	ProjectSection(SolutionItems) = preProject
		global.json = global.json
		readme.md = readme.md
	EndProjectSection
EndProject
Project("{2150E333-8FDC-42A3-9474-1A3956D46DE8}") = "src", "src", "{6AAFFDDD-3177-4865-9085-9258D8D03952}"
EndProject
Project("{2150E333-8FDC-42A3-9474-1A3956D46DE8}") = "tests", "tests", "{6A9A4444-25E9-41F0-B4CB-D0E4EB77663A}"
EndProject
Project("{2150E333-8FDC-42A3-9474-1A3956D46DE8}") = "ApiGateways", "ApiGateways", "{DF7F76E5-D42B-47D7-962F-235308C49A2A}"
EndProject
Project("{2150E333-8FDC-42A3-9474-1A3956D46DE8}") = "BuildingBlocks", "BuildingBlocks", "{A6B15773-1ABC-4D71-B304-901592DF4B40}"
EndProject
Project("{2150E333-8FDC-42A3-9474-1A3956D46DE8}") = "Services", "Services", "{18EB8DC4-31FF-478C-A02A-6359DF1CCC92}"
EndProject
Project("{2150E333-8FDC-42A3-9474-1A3956D46DE8}") = "WebApps", "WebApps", "{EB2EED52-1391-451E-A305-DE086D7F47E4}"
EndProject
Project("{FAE04EC0-301F-11D3-BF4B-00C04F79EFBC}") = "Common.Logging", "src\BuildingBlocks\Common.Logging\Common.Logging.csproj", "{F9108D65-E77B-4AE4-A922-542A22F4AB0E}"
EndProject
Project("{FAE04EC0-301F-11D3-BF4B-00C04F79EFBC}") = "EventBus.Messages", "src\BuildingBlocks\EventBus.Messages\EventBus.Messages.csproj", "{E06BDE3F-FB07-4CE1-89D5-F83CEF281C11}"
EndProject
Project("{2150E333-8FDC-42A3-9474-1A3956D46DE8}") = "Product", "Product", "{12CA0240-152A-42B2-9228-0C74D5F2C0FF}"
EndProject
Project("{2150E333-8FDC-42A3-9474-1A3956D46DE8}") = "Customer", "Customer", "{9C6F338B-5C19-4CAD-82E2-D9A08EE94585}"
EndProject
Project("{2150E333-8FDC-42A3-9474-1A3956D46DE8}") = "Basket", "Basket", "{3D65EA8F-40C4-4F04-A8B8-EEAB62D72B42}"
EndProject
Project("{2150E333-8FDC-42A3-9474-1A3956D46DE8}") = "Ordering", "Ordering", "{1BDDFDC6-6955-4CB3-B8F1-3F3D04ECDCB2}"
EndProject
Project("{2150E333-8FDC-42A3-9474-1A3956D46DE8}") = "Inventory", "Inventory", "{E3D095FB-B53D-4883-906E-8E247E11FA95}"
EndProject
Project("{2150E333-8FDC-42A3-9474-1A3956D46DE8}") = "ScheduledJob", "ScheduledJob", "{29781E48-8CD0-42F5-8676-91ACC9564306}"
EndProject
Project("{FAE04EC0-301F-11D3-BF4B-00C04F79EFBC}") = "WebHealthStatus", "src\WebApps\WebHealthStatus\WebHealthStatus.csproj", "{8559A4FC-EC67-4748-986D-87803AE5213D}"
EndProject
Global
	GlobalSection(SolutionConfigurationPlatforms) = preSolution
		Debug|Any CPU = Debug|Any CPU
		Release|Any CPU = Release|Any CPU
	EndGlobalSection
	GlobalSection(ProjectConfigurationPlatforms) = postSolution
		{F9108D65-E77B-4AE4-A922-542A22F4AB0E}.Debug|Any CPU.ActiveCfg = Debug|Any CPU
		{F9108D65-E77B-4AE4-A922-542A22F4AB0E}.Debug|Any CPU.Build.0 = Debug|Any CPU
		{F9108D65-E77B-4AE4-A922-542A22F4AB0E}.Release|Any CPU.ActiveCfg = Release|Any CPU
		{F9108D65-E77B-4AE4-A922-542A22F4AB0E}.Release|Any CPU.Build.0 = Release|Any CPU
		{E06BDE3F-FB07-4CE1-89D5-F83CEF281C11}.Debug|Any CPU.ActiveCfg = Debug|Any CPU
		{E06BDE3F-FB07-4CE1-89D5-F83CEF281C11}.Debug|Any CPU.Build.0 = Debug|Any CPU
		{E06BDE3F-FB07-4CE1-89D5-F83CEF281C11}.Release|Any CPU.ActiveCfg = Release|Any CPU
		{E06BDE3F-FB07-4CE1-89D5-F83CEF281C11}.Release|Any CPU.Build.0 = Release|Any CPU
		{8559A4FC-EC67-4748-986D-87803AE5213D}.Debug|Any CPU.ActiveCfg = Debug|Any CPU
		{8559A4FC-EC67-4748-986D-87803AE5213D}.Debug|Any CPU.Build.0 = Debug|Any CPU
		{8559A4FC-EC67-4748-986D-87803AE5213D}.Release|Any CPU.ActiveCfg = Release|Any CPU
		{8559A4FC-EC67-4748-986D-87803AE5213D}.Release|Any CPU.Build.0 = Release|Any CPU
	EndGlobalSection
	GlobalSection(SolutionProperties) = preSolution
		HideSolutionNode = FALSE
	EndGlobalSection
	GlobalSection(NestedProjects) = preSolution
		{DF7F76E5-D42B-47D7-962F-235308C49A2A} = {6AAFFDDD-3177-4865-9085-9258D8D03952}
		{A6B15773-1ABC-4D71-B304-901592DF4B40} = {6AAFFDDD-3177-4865-9085-9258D8D03952}
		{18EB8DC4-31FF-478C-A02A-6359DF1CCC92} = {6AAFFDDD-3177-4865-9085-9258D8D03952}
		{EB2EED52-1391-451E-A305-DE086D7F47E4} = {6AAFFDDD-3177-4865-9085-9258D8D03952}
		{F9108D65-E77B-4AE4-A922-542A22F4AB0E} = {A6B15773-1ABC-4D71-B304-901592DF4B40}
		{E06BDE3F-FB07-4CE1-89D5-F83CEF281C11} = {A6B15773-1ABC-4D71-B304-901592DF4B40}
		{12CA0240-152A-42B2-9228-0C74D5F2C0FF} = {18EB8DC4-31FF-478C-A02A-6359DF1CCC92}
		{9C6F338B-5C19-4CAD-82E2-D9A08EE94585} = {18EB8DC4-31FF-478C-A02A-6359DF1CCC92}
		{3D65EA8F-40C4-4F04-A8B8-EEAB62D72B42} = {18EB8DC4-31FF-478C-A02A-6359DF1CCC92}
		{1BDDFDC6-6955-4CB3-B8F1-3F3D04ECDCB2} = {18EB8DC4-31FF-478C-A02A-6359DF1CCC92}
		{E3D095FB-B53D-4883-906E-8E247E11FA95} = {18EB8DC4-31FF-478C-A02A-6359DF1CCC92}
		{29781E48-8CD0-42F5-8676-91ACC9564306} = {18EB8DC4-31FF-478C-A02A-6359DF1CCC92}
		{8559A4FC-EC67-4748-986D-87803AE5213D} = {EB2EED52-1391-451E-A305-DE086D7F47E4}
	EndGlobalSection
	GlobalSection(ExtensibilityGlobals) = postSolution
		SolutionGuid = {7304F512-EC13-4176-BBFC-854EF6A05C68}
	EndGlobalSection
EndGlobal
