
Microsoft Visual Studio Solution File, Format Version 12.00
# Visual Studio Version 17
VisualStudioVersion = 17.10.35013.160
MinimumVisualStudioVersion = 10.0.40219.1
Project("{2150E333-8FDC-42A3-9474-1A3956D46DE8}") = "Solution Items", "Solution Items", "{B0BD70B0-D038-47B5-8510-BB0880DB4EB5}"
	ProjectSection(SolutionItems) = preProject
		src\docker-compose.override.yml = src\docker-compose.override.yml
		src\docker-compose.yml = src\docker-compose.yml
		global.json = global.json
		readme.md = readme.md
	EndProjectSection
EndProject
Project("{2150E333-8FDC-42A3-9474-1A3956D46DE8}") = "src", "src", "{6AAFFDDD-3177-4865-9085-9258D8D03952}"
EndProject
Project("{2150E333-8FDC-42A3-9474-1A3956D46DE8}") = "tests", "tests", "{6A9A4444-25E9-41F0-B4CB-D0E4EB77663A}"
EndProject
Project("{2150E333-8FDC-42A3-9474-1A3956D46DE8}") = "ApiGateways", "ApiGateways", "{DF7F76E5-D42B-47D7-962F-235308C49A2A}"
EndProject
Project("{2150E333-8FDC-42A3-9474-1A3956D46DE8}") = "BuildingBlocks", "BuildingBlocks", "{A6B15773-1ABC-4D71-B304-901592DF4B40}"
EndProject
Project("{2150E333-8FDC-42A3-9474-1A3956D46DE8}") = "Services", "Services", "{18EB8DC4-31FF-478C-A02A-6359DF1CCC92}"
EndProject
Project("{2150E333-8FDC-42A3-9474-1A3956D46DE8}") = "WebApps", "WebApps", "{EB2EED52-1391-451E-A305-DE086D7F47E4}"
EndProject
Project("{9A19103F-16F7-4668-BE54-9A1E7A4F7556}") = "Common.Logging", "src\BuildingBlocks\Common.Logging\Common.Logging.csproj", "{F9108D65-E77B-4AE4-A922-542A22F4AB0E}"
EndProject
Project("{2150E333-8FDC-42A3-9474-1A3956D46DE8}") = "Product", "Product", "{12CA0240-152A-42B2-9228-0C74D5F2C0FF}"
EndProject
Project("{2150E333-8FDC-42A3-9474-1A3956D46DE8}") = "Customer", "Customer", "{9C6F338B-5C19-4CAD-82E2-D9A08EE94585}"
EndProject
Project("{2150E333-8FDC-42A3-9474-1A3956D46DE8}") = "Basket", "Basket", "{3D65EA8F-40C4-4F04-A8B8-EEAB62D72B42}"
EndProject
Project("{2150E333-8FDC-42A3-9474-1A3956D46DE8}") = "Ordering", "Ordering", "{1BDDFDC6-6955-4CB3-B8F1-3F3D04ECDCB2}"
EndProject
Project("{2150E333-8FDC-42A3-9474-1A3956D46DE8}") = "Inventory", "Inventory", "{E3D095FB-B53D-4883-906E-8E247E11FA95}"
EndProject
Project("{2150E333-8FDC-42A3-9474-1A3956D46DE8}") = "ScheduledJob", "ScheduledJob", "{29781E48-8CD0-42F5-8676-91ACC9564306}"
EndProject
Project("{9A19103F-16F7-4668-BE54-9A1E7A4F7556}") = "WebHealthStatus", "src\WebApps\WebHealthStatus\WebHealthStatus.csproj", "{8559A4FC-EC67-4748-986D-87803AE5213D}"
EndProject
Project("{9A19103F-16F7-4668-BE54-9A1E7A4F7556}") = "Basket.API", "src\Services\Basket.API\Basket.API.csproj", "{792AD9AC-54F3-4B40-B546-4E10F3E76834}"
EndProject
Project("{9A19103F-16F7-4668-BE54-9A1E7A4F7556}") = "Customer.API", "src\Services\Customer.API\Customer.API.csproj", "{4EBBCE61-0FF8-4B1E-8E60-906D1A886EA1}"
EndProject
Project("{9A19103F-16F7-4668-BE54-9A1E7A4F7556}") = "Inventory.Product.API", "src\Services\Inventory.Product.API\Inventory.Product.API.csproj", "{B43C8F8C-8DA3-483C-843D-A51AD4E77C48}"
EndProject
Project("{9A19103F-16F7-4668-BE54-9A1E7A4F7556}") = "Hangfire.API", "src\Services\Hangfire.API\Hangfire.API.csproj", "{93829203-5A85-45A8-8277-155C60BA8927}"
EndProject
Project("{9A19103F-16F7-4668-BE54-9A1E7A4F7556}") = "Contracts", "src\BuildingBlocks\Contracts\Contracts.csproj", "{F261B873-5F54-4FE5-9E7A-D57BAA2E9D85}"
EndProject
Project("{9A19103F-16F7-4668-BE54-9A1E7A4F7556}") = "Infrastructure", "src\BuildingBlocks\Infrastructure\Infrastructure.csproj", "{BA8FD13D-5F79-432D-88B1-AD055F2F00CC}"
EndProject
Project("{9A19103F-16F7-4668-BE54-9A1E7A4F7556}") = "Shared", "src\BuildingBlocks\Shared\Shared.csproj", "{7AC7E93C-20CB-410E-B897-0FE6EC967A48}"
EndProject
Project("{9A19103F-16F7-4668-BE54-9A1E7A4F7556}") = "OcelotApiGw", "src\ApiGateways\OcelotApiGw\OcelotApiGw.csproj", "{1B7879AF-106C-4ABC-9512-C73E4FA1E4F4}"
EndProject
Project("{9A19103F-16F7-4668-BE54-9A1E7A4F7556}") = "Product.API", "src\Services\Product.API\Product.API.csproj", "{74BC3D11-0152-456A-8738-76049BF1DDB2}"
EndProject
Project("{9A19103F-16F7-4668-BE54-9A1E7A4F7556}") = "Ordering.API", "src\Services\Ordering\Ordering.API\Ordering.API.csproj", "{3D4DC080-0252-4221-AE59-7E0EBED98073}"
EndProject
Project("{9A19103F-16F7-4668-BE54-9A1E7A4F7556}") = "Ordering.Application", "src\Services\Ordering\Ordering.Application\Ordering.Application.csproj", "{E08CF67B-2A50-4E8A-9BFC-9C6AAA897810}"
EndProject
Project("{9A19103F-16F7-4668-BE54-9A1E7A4F7556}") = "Ordering.Domain", "src\Services\Ordering\Ordering.Domain\Ordering.Domain.csproj", "{40FBAC92-0233-4091-A6B3-87DCA80465CF}"
EndProject
Project("{9A19103F-16F7-4668-BE54-9A1E7A4F7556}") = "Ordering.Infrastructure", "src\Services\Ordering\Ordering.Infrastructure\Ordering.Infrastructure.csproj", "{21C453C1-93E9-4798-85BF-A8FC61062FC8}"
EndProject
Project("{2150E333-8FDC-42A3-9474-1A3956D46DE8}") = "EventBus", "EventBus", "{17C5AF0A-01F6-450E-88AD-11D3DD77160F}"
EndProject
Project("{9A19103F-16F7-4668-BE54-9A1E7A4F7556}") = "EventBus.Messages", "src\BuildingBlocks\EventBus\EventBus.Messages\EventBus.Messages.csproj", "{117CACF4-A715-4A44-B5F1-B18253300835}"
EndProject
Global
	GlobalSection(SolutionConfigurationPlatforms) = preSolution
		Debug|Any CPU = Debug|Any CPU
		Release|Any CPU = Release|Any CPU
	EndGlobalSection
	GlobalSection(ProjectConfigurationPlatforms) = postSolution
		{F9108D65-E77B-4AE4-A922-542A22F4AB0E}.Debug|Any CPU.ActiveCfg = Debug|Any CPU
		{F9108D65-E77B-4AE4-A922-542A22F4AB0E}.Debug|Any CPU.Build.0 = Debug|Any CPU
		{F9108D65-E77B-4AE4-A922-542A22F4AB0E}.Release|Any CPU.ActiveCfg = Release|Any CPU
		{F9108D65-E77B-4AE4-A922-542A22F4AB0E}.Release|Any CPU.Build.0 = Release|Any CPU
		{8559A4FC-EC67-4748-986D-87803AE5213D}.Debug|Any CPU.ActiveCfg = Debug|Any CPU
		{8559A4FC-EC67-4748-986D-87803AE5213D}.Debug|Any CPU.Build.0 = Debug|Any CPU
		{8559A4FC-EC67-4748-986D-87803AE5213D}.Release|Any CPU.ActiveCfg = Release|Any CPU
		{8559A4FC-EC67-4748-986D-87803AE5213D}.Release|Any CPU.Build.0 = Release|Any CPU
		{792AD9AC-54F3-4B40-B546-4E10F3E76834}.Debug|Any CPU.ActiveCfg = Debug|Any CPU
		{792AD9AC-54F3-4B40-B546-4E10F3E76834}.Debug|Any CPU.Build.0 = Debug|Any CPU
		{792AD9AC-54F3-4B40-B546-4E10F3E76834}.Release|Any CPU.ActiveCfg = Release|Any CPU
		{792AD9AC-54F3-4B40-B546-4E10F3E76834}.Release|Any CPU.Build.0 = Release|Any CPU
		{4EBBCE61-0FF8-4B1E-8E60-906D1A886EA1}.Debug|Any CPU.ActiveCfg = Debug|Any CPU
		{4EBBCE61-0FF8-4B1E-8E60-906D1A886EA1}.Debug|Any CPU.Build.0 = Debug|Any CPU
		{4EBBCE61-0FF8-4B1E-8E60-906D1A886EA1}.Release|Any CPU.ActiveCfg = Release|Any CPU
		{4EBBCE61-0FF8-4B1E-8E60-906D1A886EA1}.Release|Any CPU.Build.0 = Release|Any CPU
		{B43C8F8C-8DA3-483C-843D-A51AD4E77C48}.Debug|Any CPU.ActiveCfg = Debug|Any CPU
		{B43C8F8C-8DA3-483C-843D-A51AD4E77C48}.Debug|Any CPU.Build.0 = Debug|Any CPU
		{B43C8F8C-8DA3-483C-843D-A51AD4E77C48}.Release|Any CPU.ActiveCfg = Release|Any CPU
		{B43C8F8C-8DA3-483C-843D-A51AD4E77C48}.Release|Any CPU.Build.0 = Release|Any CPU
		{93829203-5A85-45A8-8277-155C60BA8927}.Debug|Any CPU.ActiveCfg = Debug|Any CPU
		{93829203-5A85-45A8-8277-155C60BA8927}.Debug|Any CPU.Build.0 = Debug|Any CPU
		{93829203-5A85-45A8-8277-155C60BA8927}.Release|Any CPU.ActiveCfg = Release|Any CPU
		{93829203-5A85-45A8-8277-155C60BA8927}.Release|Any CPU.Build.0 = Release|Any CPU
		{F261B873-5F54-4FE5-9E7A-D57BAA2E9D85}.Debug|Any CPU.ActiveCfg = Debug|Any CPU
		{F261B873-5F54-4FE5-9E7A-D57BAA2E9D85}.Debug|Any CPU.Build.0 = Debug|Any CPU
		{F261B873-5F54-4FE5-9E7A-D57BAA2E9D85}.Release|Any CPU.ActiveCfg = Release|Any CPU
		{F261B873-5F54-4FE5-9E7A-D57BAA2E9D85}.Release|Any CPU.Build.0 = Release|Any CPU
		{BA8FD13D-5F79-432D-88B1-AD055F2F00CC}.Debug|Any CPU.ActiveCfg = Debug|Any CPU
		{BA8FD13D-5F79-432D-88B1-AD055F2F00CC}.Debug|Any CPU.Build.0 = Debug|Any CPU
		{BA8FD13D-5F79-432D-88B1-AD055F2F00CC}.Release|Any CPU.ActiveCfg = Release|Any CPU
		{BA8FD13D-5F79-432D-88B1-AD055F2F00CC}.Release|Any CPU.Build.0 = Release|Any CPU
		{7AC7E93C-20CB-410E-B897-0FE6EC967A48}.Debug|Any CPU.ActiveCfg = Debug|Any CPU
		{7AC7E93C-20CB-410E-B897-0FE6EC967A48}.Debug|Any CPU.Build.0 = Debug|Any CPU
		{7AC7E93C-20CB-410E-B897-0FE6EC967A48}.Release|Any CPU.ActiveCfg = Release|Any CPU
		{7AC7E93C-20CB-410E-B897-0FE6EC967A48}.Release|Any CPU.Build.0 = Release|Any CPU
		{1B7879AF-106C-4ABC-9512-C73E4FA1E4F4}.Debug|Any CPU.ActiveCfg = Debug|Any CPU
		{1B7879AF-106C-4ABC-9512-C73E4FA1E4F4}.Debug|Any CPU.Build.0 = Debug|Any CPU
		{1B7879AF-106C-4ABC-9512-C73E4FA1E4F4}.Release|Any CPU.ActiveCfg = Release|Any CPU
		{1B7879AF-106C-4ABC-9512-C73E4FA1E4F4}.Release|Any CPU.Build.0 = Release|Any CPU
		{74BC3D11-0152-456A-8738-76049BF1DDB2}.Debug|Any CPU.ActiveCfg = Debug|Any CPU
		{74BC3D11-0152-456A-8738-76049BF1DDB2}.Debug|Any CPU.Build.0 = Debug|Any CPU
		{74BC3D11-0152-456A-8738-76049BF1DDB2}.Release|Any CPU.ActiveCfg = Release|Any CPU
		{74BC3D11-0152-456A-8738-76049BF1DDB2}.Release|Any CPU.Build.0 = Release|Any CPU
		{3D4DC080-0252-4221-AE59-7E0EBED98073}.Debug|Any CPU.ActiveCfg = Debug|Any CPU
		{3D4DC080-0252-4221-AE59-7E0EBED98073}.Debug|Any CPU.Build.0 = Debug|Any CPU
		{3D4DC080-0252-4221-AE59-7E0EBED98073}.Release|Any CPU.ActiveCfg = Release|Any CPU
		{3D4DC080-0252-4221-AE59-7E0EBED98073}.Release|Any CPU.Build.0 = Release|Any CPU
		{E08CF67B-2A50-4E8A-9BFC-9C6AAA897810}.Debug|Any CPU.ActiveCfg = Debug|Any CPU
		{E08CF67B-2A50-4E8A-9BFC-9C6AAA897810}.Debug|Any CPU.Build.0 = Debug|Any CPU
		{E08CF67B-2A50-4E8A-9BFC-9C6AAA897810}.Release|Any CPU.ActiveCfg = Release|Any CPU
		{E08CF67B-2A50-4E8A-9BFC-9C6AAA897810}.Release|Any CPU.Build.0 = Release|Any CPU
		{40FBAC92-0233-4091-A6B3-87DCA80465CF}.Debug|Any CPU.ActiveCfg = Debug|Any CPU
		{40FBAC92-0233-4091-A6B3-87DCA80465CF}.Debug|Any CPU.Build.0 = Debug|Any CPU
		{40FBAC92-0233-4091-A6B3-87DCA80465CF}.Release|Any CPU.ActiveCfg = Release|Any CPU
		{40FBAC92-0233-4091-A6B3-87DCA80465CF}.Release|Any CPU.Build.0 = Release|Any CPU
		{21C453C1-93E9-4798-85BF-A8FC61062FC8}.Debug|Any CPU.ActiveCfg = Debug|Any CPU
		{21C453C1-93E9-4798-85BF-A8FC61062FC8}.Debug|Any CPU.Build.0 = Debug|Any CPU
		{21C453C1-93E9-4798-85BF-A8FC61062FC8}.Release|Any CPU.ActiveCfg = Release|Any CPU
		{21C453C1-93E9-4798-85BF-A8FC61062FC8}.Release|Any CPU.Build.0 = Release|Any CPU
		{117CACF4-A715-4A44-B5F1-B18253300835}.Debug|Any CPU.ActiveCfg = Debug|Any CPU
		{117CACF4-A715-4A44-B5F1-B18253300835}.Debug|Any CPU.Build.0 = Debug|Any CPU
		{117CACF4-A715-4A44-B5F1-B18253300835}.Release|Any CPU.ActiveCfg = Release|Any CPU
		{117CACF4-A715-4A44-B5F1-B18253300835}.Release|Any CPU.Build.0 = Release|Any CPU
	EndGlobalSection
	GlobalSection(SolutionProperties) = preSolution
		HideSolutionNode = FALSE
	EndGlobalSection
	GlobalSection(NestedProjects) = preSolution
		{DF7F76E5-D42B-47D7-962F-235308C49A2A} = {6AAFFDDD-3177-4865-9085-9258D8D03952}
		{A6B15773-1ABC-4D71-B304-901592DF4B40} = {6AAFFDDD-3177-4865-9085-9258D8D03952}
		{18EB8DC4-31FF-478C-A02A-6359DF1CCC92} = {6AAFFDDD-3177-4865-9085-9258D8D03952}
		{EB2EED52-1391-451E-A305-DE086D7F47E4} = {6AAFFDDD-3177-4865-9085-9258D8D03952}
		{F9108D65-E77B-4AE4-A922-542A22F4AB0E} = {A6B15773-1ABC-4D71-B304-901592DF4B40}
		{12CA0240-152A-42B2-9228-0C74D5F2C0FF} = {18EB8DC4-31FF-478C-A02A-6359DF1CCC92}
		{9C6F338B-5C19-4CAD-82E2-D9A08EE94585} = {18EB8DC4-31FF-478C-A02A-6359DF1CCC92}
		{3D65EA8F-40C4-4F04-A8B8-EEAB62D72B42} = {18EB8DC4-31FF-478C-A02A-6359DF1CCC92}
		{1BDDFDC6-6955-4CB3-B8F1-3F3D04ECDCB2} = {18EB8DC4-31FF-478C-A02A-6359DF1CCC92}
		{E3D095FB-B53D-4883-906E-8E247E11FA95} = {18EB8DC4-31FF-478C-A02A-6359DF1CCC92}
		{29781E48-8CD0-42F5-8676-91ACC9564306} = {18EB8DC4-31FF-478C-A02A-6359DF1CCC92}
		{8559A4FC-EC67-4748-986D-87803AE5213D} = {EB2EED52-1391-451E-A305-DE086D7F47E4}
		{792AD9AC-54F3-4B40-B546-4E10F3E76834} = {3D65EA8F-40C4-4F04-A8B8-EEAB62D72B42}
		{4EBBCE61-0FF8-4B1E-8E60-906D1A886EA1} = {9C6F338B-5C19-4CAD-82E2-D9A08EE94585}
		{B43C8F8C-8DA3-483C-843D-A51AD4E77C48} = {E3D095FB-B53D-4883-906E-8E247E11FA95}
		{93829203-5A85-45A8-8277-155C60BA8927} = {29781E48-8CD0-42F5-8676-91ACC9564306}
		{F261B873-5F54-4FE5-9E7A-D57BAA2E9D85} = {A6B15773-1ABC-4D71-B304-901592DF4B40}
		{BA8FD13D-5F79-432D-88B1-AD055F2F00CC} = {A6B15773-1ABC-4D71-B304-901592DF4B40}
		{7AC7E93C-20CB-410E-B897-0FE6EC967A48} = {A6B15773-1ABC-4D71-B304-901592DF4B40}
		{1B7879AF-106C-4ABC-9512-C73E4FA1E4F4} = {DF7F76E5-D42B-47D7-962F-235308C49A2A}
		{74BC3D11-0152-456A-8738-76049BF1DDB2} = {12CA0240-152A-42B2-9228-0C74D5F2C0FF}
		{3D4DC080-0252-4221-AE59-7E0EBED98073} = {1BDDFDC6-6955-4CB3-B8F1-3F3D04ECDCB2}
		{E08CF67B-2A50-4E8A-9BFC-9C6AAA897810} = {1BDDFDC6-6955-4CB3-B8F1-3F3D04ECDCB2}
		{40FBAC92-0233-4091-A6B3-87DCA80465CF} = {1BDDFDC6-6955-4CB3-B8F1-3F3D04ECDCB2}
		{21C453C1-93E9-4798-85BF-A8FC61062FC8} = {1BDDFDC6-6955-4CB3-B8F1-3F3D04ECDCB2}
		{17C5AF0A-01F6-450E-88AD-11D3DD77160F} = {A6B15773-1ABC-4D71-B304-901592DF4B40}
		{117CACF4-A715-4A44-B5F1-B18253300835} = {17C5AF0A-01F6-450E-88AD-11D3DD77160F}
	EndGlobalSection
	GlobalSection(ExtensibilityGlobals) = postSolution
		SolutionGuid = {7304F512-EC13-4176-BBFC-854EF6A05C68}
	EndGlobalSection
EndGlobal
